{
  "requires": true,
  "lockfileVersion": 1,
  "dependencies": {
    "@types/aes-js": {
      "version": "3.1.1",
      "resolved": "https://registry.npmjs.org/@types/aes-js/-/aes-js-3.1.1.tgz",
      "integrity": "sha512-SDSGgXT3LRCH6qMWk8OHT1vLSVNuHNvCpKCx2/TYtQMbMGGgxJC9fspwSkQjqzRagrWnCrxuLL3jMNXLXHHvSw==",
      "dev": true
    },
    "@types/async": {
      "version": "3.2.7",
      "resolved": "https://registry.npmjs.org/@types/async/-/async-3.2.7.tgz",
      "integrity": "sha512-a+MBBfOTs3ShFMlbH9qsRVFkjIUunEtxrBT0gxRx1cntjKRg2WApuGmNYzHkwKaIhMi3SMbKktaD/rLObQMwIw==",
      "dev": true
    },
    "@types/chai": {
      "version": "4.2.21",
      "resolved": "https://registry.npmjs.org/@types/chai/-/chai-4.2.21.tgz",
      "integrity": "sha512-yd+9qKmJxm496BOV9CMNaey8TWsikaZOwMRwPHQIjcOJM9oV+fi9ZMNw3JsVnbEEbo2gRTDnGEBv8pjyn67hNg==",
      "dev": true
    },
    "@types/immediate": {
      "version": "3.2.0",
      "resolved": "https://registry.npmjs.org/@types/immediate/-/immediate-3.2.0.tgz",
      "integrity": "sha512-CojBxLEgxjdIXgoxSYrxvaydin6MmA94rCHg2AKmC+7FePBXNfFxhZ/1RRkUwyBnCi3YoVyg8PiM5iUQFku5pw==",
      "dev": true
    },
    "@types/sprintf": {
      "version": "0.1.0",
      "resolved": "https://registry.npmjs.org/@types/sprintf/-/sprintf-0.1.0.tgz",
      "integrity": "sha512-2nCrar+IHBF8avAipoO3MmZm+pe3haEM/jD+4TeDaGmrBT7CdJb/k0jQ5HomtXgsScuV3ud/GoFuv7kUDe4Vfw==",
      "dev": true
    },
    "types-registry": {
      "version": "0.1.551",
      "resolved": "https://registry.npmjs.org/types-registry/-/types-registry-0.1.551.tgz",
      "integrity": "sha512-OVx0bliw/l3ZE0IGztGtsRS5GwT9nDKh8EX5L7fdvewhF5sWorkbzkP2K+h0dA8cDa1HY9bwJTZUPut+zxFnPg=="
    }
  }
}
